
Microsoft Visual Studio Solution File, Format Version 12.00
# Visual Studio Version 16
VisualStudioVersion = 16.0.30517.126
MinimumVisualStudioVersion = 10.0.40219.1
Project("{FAE04EC0-301F-11D3-BF4B-00C04F79EFBC}") = "PamelaProjeto", "PamelaProjeto.csproj", "{D9BA0960-5878-40BF-B6AD-B3747F272BB1}"
EndProject
Global
	GlobalSection(SolutionConfigurationPlatforms) = preSolution
		Debug|Any CPU = Debug|Any CPU
		Release|Any CPU = Release|Any CPU
	EndGlobalSection
	GlobalSection(ProjectConfigurationPlatforms) = postSolution
		{D9BA0960-5878-40BF-B6AD-B3747F272BB1}.Debug|Any CPU.ActiveCfg = Debug|Any CPU
		{D9BA0960-5878-40BF-B6AD-B3747F272BB1}.Debug|Any CPU.Build.0 = Debug|Any CPU
		{D9BA0960-5878-40BF-B6AD-B3747F272BB1}.Release|Any CPU.ActiveCfg = Release|Any CPU
		{D9BA0960-5878-40BF-B6AD-B3747F272BB1}.Release|Any CPU.Build.0 = Release|Any CPU
	EndGlobalSection
	GlobalSection(SolutionProperties) = preSolution
		HideSolutionNode = FALSE
	EndGlobalSection
	GlobalSection(ExtensibilityGlobals) = postSolution
		SolutionGuid = {F0CBFA56-5017-4BF5-B544-6C32DFC08E2B}
	EndGlobalSection
EndGlobal
